<?xml version="1.0" encoding="utf-8"?>
<Project ToolsVersion="4.0" xmlns="http://schemas.microsoft.com/developer/msbuild/2003">
  <ItemGroup>
    <Filter Include="소스 파일">
      <UniqueIdentifier>{4FC737F1-C7A5-4376-A066-2A32D752A2FF}</UniqueIdentifier>
      <Extensions>cpp;c;cc;cxx;c++;cppm;ixx;def;odl;idl;hpj;bat;asm;asmx</Extensions>
    </Filter>
    <Filter Include="헤더 파일">
      <UniqueIdentifier>{93995380-89BD-4b04-88EB-625FBE52EBFB}</UniqueIdentifier>
      <Extensions>h;hh;hpp;hxx;h++;hm;inl;inc;ipp;xsd</Extensions>
    </Filter>
    <Filter Include="리소스 파일">
      <UniqueIdentifier>{67DA6AB6-F800-4c08-8B7A-83BB121AAD01}</UniqueIdentifier>
      <Extensions>rc;ico;cur;bmp;dlg;rc2;rct;bin;rgs;gif;jpg;jpeg;jpe;resx;tiff;tif;png;wav;mfcribbon-ms</Extensions>
    </Filter>
  </ItemGroup>
  <ItemGroup>
    <ClCompile Include="2072_홀수만 더하기.cpp">
      <Filter>소스 파일</Filter>
    </ClCompile>
    <ClCompile Include="pch.cpp">
      <Filter>헤더 파일</Filter>
    </ClCompile>
    <ClCompile Include="2071_평균값 구하기.cpp">
      <Filter>소스 파일</Filter>
    </ClCompile>
    <ClCompile Include="2070_큰 놈, 작은 놈, 같은 놈.cpp">
      <Filter>소스 파일</Filter>
    </ClCompile>
    <ClCompile Include="2068_최대수 구하기.cpp">
      <Filter>소스 파일</Filter>
    </ClCompile>
    <ClCompile Include="2063_중간값 찾기.cpp">
      <Filter>소스 파일</Filter>
    </ClCompile>
    <ClCompile Include="2058_자릿수 더하기.cpp">
      <Filter>소스 파일</Filter>
    </ClCompile>
    <ClCompile Include="2056_연월일 달력.cpp">
      <Filter>소스 파일</Filter>
    </ClCompile>
    <ClCompile Include="2047_신문 헤드라인.cpp">
      <Filter>소스 파일</Filter>
    </ClCompile>
    <ClCompile Include="2050_알파벳을 숫자로 변환.cpp">
      <Filter>소스 파일</Filter>
    </ClCompile>
    <ClCompile Include="2046_스탬프 찍기.cpp">
      <Filter>소스 파일</Filter>
    </ClCompile>
  </ItemGroup>
  <ItemGroup>
    <ClInclude Include="pch.h">
      <Filter>헤더 파일</Filter>
    </ClInclude>
  </ItemGroup>
  <ItemGroup>
    <Text Include="input\2068_input.txt">
      <Filter>리소스 파일</Filter>
    </Text>
    <Text Include="input\2070_input.txt">
      <Filter>리소스 파일</Filter>
    </Text>
    <Text Include="input\2071_input.txt">
      <Filter>리소스 파일</Filter>
    </Text>
    <Text Include="input\2072_input.txt">
      <Filter>리소스 파일</Filter>
    </Text>
    <Text Include="input\2063_input.txt">
      <Filter>리소스 파일</Filter>
    </Text>
    <Text Include="input\2058_input.txt">
      <Filter>리소스 파일</Filter>
    </Text>
    <Text Include="input\2056_input.txt">
      <Filter>리소스 파일</Filter>
    </Text>
    <Text Include="input\2047_input.txt">
      <Filter>리소스 파일</Filter>
    </Text>
    <Text Include="input\2050_input.txt">
      <Filter>리소스 파일</Filter>
    </Text>
    <Text Include="input\2046_input.txt">
      <Filter>리소스 파일</Filter>
    </Text>
  </ItemGroup>
</Project>